{
  "version": 1,
  "envelopeFormat": "sha256:ce2d53f8dd962ace393450e0abadbe227304897be87753a503b61f9c8525726e",
  "weights": [
    {
      "name": "granite-4.2-8b",
      "target": "/src/weights",
      "sources": [
        {
          "uri": "hf://ibm-granite/granite-4.2-8b",
          "fingerprint": "commit:eda3381656e725e8d73003deeac29f83e04141cd",
          "include": [],
          "exclude": []
        }
      ],
      "importedAt": "2026-08-07T19:24:57.639816201Z",
      "digest": "sha256:3bfd769e41b8573b6966808b78040c19c38bb8765b1a906f2afb473d63766802",
      "setDigest": "sha256:b6adc9772d303e83951437364efc20d866b78755c721f16819f3334f9a32f354",
      "size": 17592982742,
      "sizeCompressed": 17585794895,
      "files": [
        {
          "path": ".gitattributes",
          "size": 1519,
          "digest": "sha256:11ad7efa24975ee4b0c3c3a38ed18737f0658a5f75a0a96787b576a78a023361",
          "layer": "sha256:c1381fce8eb05dd6110913f28623ef5ca8f24a22012f5280d78466880fbebeb0"
        },
        {
          "path": "README.md",
          "size": 28,
          "digest": "sha256:98b45ea81164d1e1a1dd82255207053b15cd6c69d922a1c5cf3387ce604d4b74",
          "layer": "sha256:c1381fce8eb05dd6110913f28623ef5ca8f24a22012f5280d78466880fbebeb0"
        },
        {
          "path": "chat_template.jinja",
          "size": 8875,
          "digest": "sha256:92d593ab3912a22f126411a9c80d231aac555c1ead15fbc614e866d4b47204bb",
          "layer": "sha256:c1381fce8eb05dd6110913f28623ef5ca8f24a22012f5280d78466880fbebeb0"
        },
        {
          "path": "config.json",
          "size": 906,
          "digest": "sha256:ee227363bf3d6608d3eed833e2896654a3a6aea93a0c66d0aee74d233af32776",
          "layer": "sha256:c1381fce8eb05dd6110913f28623ef5ca8f24a22012f5280d78466880fbebeb0"
        },
        {
          "path": "generation_config.json",
          "size": 147,
          "digest": "sha256:46826c6c120a3dd8c4c23f521ebb9bbf5d4a09023fbb6929e6789b5ffaef552d",
          "layer": "sha256:c1381fce8eb05dd6110913f28623ef5ca8f24a22012f5280d78466880fbebeb0"
        },
        {
          "path": "merges.txt",
          "size": 916646,
          "digest": "sha256:b6fe424e334903f7fb84d3a106d9730455f4744b9fe3c21ee136d97a00e72502",
          "layer": "sha256:c1381fce8eb05dd6110913f28623ef5ca8f24a22012f5280d78466880fbebeb0"
        },
        {
          "path": "model-00001-of-00004.safetensors",
          "size": 5335320208,
          "digest": "sha256:baed4f3128d1f2e3792ad896ac5621124929bb4f658722f132e614108751e96c",
          "layer": "sha256:ff131d27f3ac14b8fc91bd8acb28d14f0811a240f23b67eec33af71bfd8aca72"
        },
        {
          "path": "model-00002-of-00004.safetensors",
          "size": 5285049768,
          "digest": "sha256:69e7a59b810f4c029339b7a208b4dac0c1eee6b88a66e830e74882cbd191803c",
          "layer": "sha256:aa22133c4f862a4bf648d2a7f54f564ece1307c273932090e7f9935797c001c1"
        },
        {
          "path": "model-00003-of-00004.safetensors",
          "size": 5360555872,
          "digest": "sha256:c2c52fd2baa6ec5003d3ac9842bfd782c0a5a80fc9a1b406a007cae6af008a89",
          "layer": "sha256:098572f401ada52fd4475a563d478447db61b999aecca6b8b642695013e4e679"
        },
        {
          "path": "model-00004-of-00004.safetensors",
          "size": 1602302184,
          "digest": "sha256:0dfcc074193c1cb81270fd6e99cace27d4b0461e8739691c2a347b657c030ffc",
          "layer": "sha256:07f7c65637c542cb0a28ac572b3219155ba743965e7e766849cec85a48432625"
        },
        {
          "path": "model.safetensors.index.json",
          "size": 31357,
          "digest": "sha256:d37ecbd9468d7925034dc40e9633509ef746f54d52ac6050e2ffc3e365e31504",
          "layer": "sha256:c1381fce8eb05dd6110913f28623ef5ca8f24a22012f5280d78466880fbebeb0"
        },
        {
          "path": "model.sig",
          "size": 10884,
          "digest": "sha256:dfefd5e0a56231f4a6a3ee39145787b9262bba2550da9b838010b4ed01622e0d",
          "layer": "sha256:c1381fce8eb05dd6110913f28623ef5ca8f24a22012f5280d78466880fbebeb0"
        },
        {
          "path": "special_tokens_map.json",
          "size": 563,
          "digest": "sha256:e9435fefd6d838fd9fcbbc44b97a8e3ff322be7f6dfb7e4fd2468586574bb52b",
          "layer": "sha256:c1381fce8eb05dd6110913f28623ef5ca8f24a22012f5280d78466880fbebeb0"
        },
        {
          "path": "tokenizer.json",
          "size": 7153414,
          "digest": "sha256:883975314d58743726347caaf2c32ac89afd5ad57222cffbc4f052f2ab27b2d7",
          "layer": "sha256:c1381fce8eb05dd6110913f28623ef5ca8f24a22012f5280d78466880fbebeb0"
        },
        {
          "path": "tokenizer_config.json",
          "size": 17677,
          "digest": "sha256:2007f26df166ed10a2d6fa881c1c8f3cdd151e451469f59b274897f14449835f",
          "layer": "sha256:c1381fce8eb05dd6110913f28623ef5ca8f24a22012f5280d78466880fbebeb0"
        },
        {
          "path": "vocab.json",
          "size": 1612694,
          "digest": "sha256:a1be0c1e0a89b5bacda6af6f8b63df09668cb8d1f656229ee9123140c9507810",
          "layer": "sha256:c1381fce8eb05dd6110913f28623ef5ca8f24a22012f5280d78466880fbebeb0"
        }
      ],
      "layers": [
        {
          "digest": "sha256:07f7c65637c542cb0a28ac572b3219155ba743965e7e766849cec85a48432625",
          "mediaType": "application/vnd.oci.image.layer.v1.tar",
          "size": 1602305024,
          "sizeUncompressed": 1602302184
        },
        {
          "digest": "sha256:098572f401ada52fd4475a563d478447db61b999aecca6b8b642695013e4e679",
          "mediaType": "application/vnd.oci.image.layer.v1.tar",
          "size": 5360558592,
          "sizeUncompressed": 5360555872
        },
        {
          "digest": "sha256:aa22133c4f862a4bf648d2a7f54f564ece1307c273932090e7f9935797c001c1",
          "mediaType": "application/vnd.oci.image.layer.v1.tar",
          "size": 5285052416,
          "sizeUncompressed": 5285049768
        },
        {
          "digest": "sha256:c1381fce8eb05dd6110913f28623ef5ca8f24a22012f5280d78466880fbebeb0",
          "mediaType": "application/vnd.oci.image.layer.v1.tar+gzip",
          "size": 2555727,
          "sizeUncompressed": 9754710
        },
        {
          "digest": "sha256:ff131d27f3ac14b8fc91bd8acb28d14f0811a240f23b67eec33af71bfd8aca72",
          "mediaType": "application/vnd.oci.image.layer.v1.tar",
          "size": 5335323136,
          "sizeUncompressed": 5335320208
        }
      ]
    }
  ]
}